{
  "name": "pre-eval-loader",
  "version": "0.1.0",
  "lockfileVersion": 1,
  "requires": true,
  "dependencies": {
    "eval": {
      "version": "0.1.2",
      "resolved": "https://registry.npmjs.org/eval/-/eval-0.1.2.tgz",
      "integrity": "sha1-n3EDKEwQWmbfQDCysycxZYNwE9o=",
      "requires": {
        "require-like": ">= 0.1.1"
      }
    },
    "require-like": {
      "version": "0.1.2",
      "resolved": "https://registry.npmjs.org/require-like/-/require-like-0.1.2.tgz",
      "integrity": "sha1-rW8wwTvs15cBDEaK+ndcDAprR/o="
    }
  }
}
